<?xml version="1.0" encoding="utf-8"?>
<Project ToolsVersion="4.0" xmlns="http://schemas.microsoft.com/developer/msbuild/2003">
  <ItemGroup>
    <Filter Include="Source Files">
      <UniqueIdentifier>{4FC737F1-C7A5-4376-A066-2A32D752A2FF}</UniqueIdentifier>
      <Extensions>cpp;c;cc;cxx;def;odl;idl;hpj;bat;asm;asmx</Extensions>
    </Filter>
    <Filter Include="Header Files">
      <UniqueIdentifier>{93995380-89BD-4b04-88EB-625FBE52EBFB}</UniqueIdentifier>
      <Extensions>h;hh;hpp;hxx;hm;inl;inc;xsd</Extensions>
    </Filter>
    <Filter Include="Resource Files">
      <UniqueIdentifier>{67DA6AB6-F800-4c08-8B7A-83BB121AAD01}</UniqueIdentifier>
      <Extensions>rc;ico;cur;bmp;dlg;rc2;rct;bin;rgs;gif;jpg;jpeg;jpe;resx;tiff;tif;png;wav;mfcribbon-ms</Extensions>
    </Filter>
    <Filter Include="Network">
      <UniqueIdentifier>{c34a8e21-c7fa-404b-86dc-7a33fb6ab201}</UniqueIdentifier>
    </Filter>
    <Filter Include="Network\Header Files">
      <UniqueIdentifier>{5c20827f-2b5a-4bc0-902c-850fb4e45fd4}</UniqueIdentifier>
    </Filter>
    <Filter Include="Network\Source Files">
      <UniqueIdentifier>{e51bef76-09aa-4f08-969e-6023e977180e}</UniqueIdentifier>
    </Filter>
    <Filter Include="EventSystem">
      <UniqueIdentifier>{ac5e98c4-d2f5-4c37-9a2e-35ff58e51e85}</UniqueIdentifier>
    </Filter>
    <Filter Include="EventSystem\Header Files">
      <UniqueIdentifier>{422dc58b-5b17-47fe-99e4-96d865f3547a}</UniqueIdentifier>
    </Filter>
    <Filter Include="EventSystem\Source Files">
      <UniqueIdentifier>{15ffd449-0730-495c-af4f-bfe1f37621a2}</UniqueIdentifier>
    </Filter>
    <Filter Include="Worldmap">
      <UniqueIdentifier>{aef1d3ec-85fc-4e14-91f6-82b35837bf98}</UniqueIdentifier>
    </Filter>
    <Filter Include="Worldmap\Header Files">
      <UniqueIdentifier>{344ffafb-971f-4e5a-a087-f331675a386f}</UniqueIdentifier>
    </Filter>
    <Filter Include="Worldmap\SourceFiles">
      <UniqueIdentifier>{e41cc565-030d-4602-8800-643361f5d6cc}</UniqueIdentifier>
    </Filter>
    <Filter Include="GameStates">
      <UniqueIdentifier>{e1a89ae1-46a4-4194-8310-0d47ed4b5028}</UniqueIdentifier>
    </Filter>
    <Filter Include="GameStates\Header Files">
      <UniqueIdentifier>{230b0576-84c3-4e6a-b9f8-5407aba8b96c}</UniqueIdentifier>
    </Filter>
    <Filter Include="GameStates\Source Files">
      <UniqueIdentifier>{d9974e49-2255-4e54-a24e-2331ef2a125e}</UniqueIdentifier>
    </Filter>
    <Filter Include="Particle System">
      <UniqueIdentifier>{1ffdf669-4307-4ac5-9e0b-37997600b821}</UniqueIdentifier>
    </Filter>
    <Filter Include="Particle System\Header">
      <UniqueIdentifier>{9d9d8216-09df-4249-b0c7-65df400cffe3}</UniqueIdentifier>
    </Filter>
    <Filter Include="Particle System\Source">
      <UniqueIdentifier>{d8b37812-712b-4de0-b19c-fd498a2c3550}</UniqueIdentifier>
    </Filter>
    <Filter Include="TinyXML">
      <UniqueIdentifier>{a841a948-70ea-4389-8bce-09119989e439}</UniqueIdentifier>
    </Filter>
    <Filter Include="TinyXML\Header Files">
      <UniqueIdentifier>{031b3576-a995-400b-b5b2-d97964b33761}</UniqueIdentifier>
    </Filter>
    <Filter Include="TinyXML\Source Files">
      <UniqueIdentifier>{d500dcaf-dda4-4429-9cb2-a000c439b982}</UniqueIdentifier>
    </Filter>
    <Filter Include="DirectSound">
      <UniqueIdentifier>{4e89a911-104e-46c2-bc3f-2fae6889d70b}</UniqueIdentifier>
    </Filter>
    <Filter Include="DirectSound\Header">
      <UniqueIdentifier>{a6cc2f38-70a6-4aed-84e9-fc95ca321f79}</UniqueIdentifier>
    </Filter>
    <Filter Include="DirectSound\Source">
      <UniqueIdentifier>{0c6b1923-05d3-4a95-8a22-1b63d94719cc}</UniqueIdentifier>
    </Filter>
    <Filter Include="Worldmap\Navigation">
      <UniqueIdentifier>{9139bafa-aede-4c3d-9f90-4bbf22ed172a}</UniqueIdentifier>
    </Filter>
    <Filter Include="GUI">
      <UniqueIdentifier>{36818f75-79e9-4d4e-b2c5-7d440fa0dbab}</UniqueIdentifier>
    </Filter>
    <Filter Include="GUI\Header">
      <UniqueIdentifier>{20ceaf40-bb7b-4c6b-8456-02a92c72fab6}</UniqueIdentifier>
    </Filter>
    <Filter Include="GUI\Source">
      <UniqueIdentifier>{60fa09e6-ee95-426a-90da-62315c9525d0}</UniqueIdentifier>
    </Filter>
    <Filter Include="Enemy">
      <UniqueIdentifier>{24f52cce-4226-4087-a7b9-23974058879a}</UniqueIdentifier>
    </Filter>
    <Filter Include="Enemy\Header Files">
      <UniqueIdentifier>{7917f9ff-2ac5-4b5b-a9c1-b15967f60e8d}</UniqueIdentifier>
    </Filter>
    <Filter Include="Enemy\Source Files">
      <UniqueIdentifier>{b0dd3b13-a57d-4caa-bf01-3b5fa2a82752}</UniqueIdentifier>
    </Filter>
  </ItemGroup>
  <ItemGroup>
    <ClCompile Include="Main.cpp">
      <Filter>Source Files</Filter>
    </ClCompile>
    <ClCompile Include="System.cpp">
      <Filter>Source Files</Filter>
    </ClCompile>
    <ClCompile Include="Input.cpp">
      <Filter>Source Files</Filter>
    </ClCompile>
    <ClCompile Include="Game.cpp">
      <Filter>Source Files</Filter>
    </ClCompile>
    <ClCompile Include="Client.cpp">
      <Filter>Network\Source Files</Filter>
    </ClCompile>
    <ClCompile Include="Connection.cpp">
      <Filter>Network\Source Files</Filter>
    </ClCompile>
    <ClCompile Include="Server.cpp">
      <Filter>Network\Source Files</Filter>
    </ClCompile>
    <ClCompile Include="EventManager.cpp">
      <Filter>EventSystem\Source Files</Filter>
    </ClCompile>
    <ClCompile Include="Events.cpp">
      <Filter>EventSystem\Source Files</Filter>
    </ClCompile>
    <ClCompile Include="IEventManager.cpp">
      <Filter>EventSystem\Source Files</Filter>
    </ClCompile>
    <ClCompile Include="Player.cpp">
      <Filter>Source Files</Filter>
    </ClCompile>
    <ClCompile Include="Timer.cpp">
      <Filter>Source Files</Filter>
    </ClCompile>
    <ClCompile Include="MapSection.cpp">
      <Filter>Worldmap\SourceFiles</Filter>
    </ClCompile>
    <ClCompile Include="Map.cpp">
      <Filter>Worldmap\SourceFiles</Filter>
    </ClCompile>
    <ClCompile Include="RemotePlayer.cpp">
      <Filter>Source Files</Filter>
    </ClCompile>
    <ClCompile Include="Projectile.cpp">
      <Filter>Source Files</Filter>
    </ClCompile>
    <ClCompile Include="MapNode.cpp">
      <Filter>Worldmap\SourceFiles</Filter>
    </ClCompile>
    <ClCompile Include="MapNodeManager.cpp">
      <Filter>Worldmap\SourceFiles</Filter>
    </ClCompile>
    <ClCompile Include="GameObject.cpp">
      <Filter>Source Files</Filter>
    </ClCompile>
    <ClCompile Include="MapNodeInstance.cpp">
      <Filter>Worldmap\SourceFiles</Filter>
    </ClCompile>
    <ClCompile Include="MapNodePlacer.cpp">
      <Filter>Worldmap\SourceFiles</Filter>
    </ClCompile>
    <ClCompile Include="Entry.cpp">
      <Filter>Source Files</Filter>
    </ClCompile>
    <ClCompile Include="RenderManager.cpp">
      <Filter>Source Files</Filter>
    </ClCompile>
    <ClCompile Include="BaseState.cpp">
      <Filter>GameStates\Source Files</Filter>
    </ClCompile>
    <ClCompile Include="PlayState.cpp">
      <Filter>GameStates\Source Files</Filter>
    </ClCompile>
    <ClCompile Include="StartMenuState.cpp">
      <Filter>GameStates\Source Files</Filter>
    </ClCompile>
    <ClCompile Include="StateMachine.cpp">
      <Filter>GameStates\Source Files</Filter>
    </ClCompile>
    <ClCompile Include="BaseMenuState.cpp">
      <Filter>GameStates\Source Files</Filter>
    </ClCompile>
    <ClCompile Include="CreateMenuState.cpp">
      <Filter>GameStates\Source Files</Filter>
    </ClCompile>
    <ClCompile Include="JoinMenuState.cpp">
      <Filter>GameStates\Source Files</Filter>
    </ClCompile>
    <ClCompile Include="MultiplayerMenuState.cpp">
      <Filter>GameStates\Source Files</Filter>
    </ClCompile>
    <ClCompile Include="OptionsMenuState.cpp">
      <Filter>GameStates\Source Files</Filter>
    </ClCompile>
    <ClCompile Include="SingleplayerMenuState.cpp">
      <Filter>GameStates\Source Files</Filter>
    </ClCompile>
    <ClCompile Include="Image.cpp">
      <Filter>Source Files</Filter>
    </ClCompile>
    <ClCompile Include="InputSquare.cpp">
      <Filter>Source Files</Filter>
    </ClCompile>
    <ClCompile Include="ParticleManager.cpp">
      <Filter>Particle System\Source</Filter>
    </ClCompile>
    <ClCompile Include="LightManager.cpp">
      <Filter>Source Files</Filter>
    </ClCompile>
    <ClCompile Include="tinystr.cpp">
      <Filter>TinyXML\Source Files</Filter>
    </ClCompile>
    <ClCompile Include="tinyxml.cpp">
      <Filter>TinyXML\Source Files</Filter>
    </ClCompile>
    <ClCompile Include="tinyxmlerror.cpp">
      <Filter>TinyXML\Source Files</Filter>
    </ClCompile>
    <ClCompile Include="tinyxmlparser.cpp">
      <Filter>TinyXML\Source Files</Filter>
    </ClCompile>
    <ClCompile Include="Radar.cpp">
      <Filter>Source Files</Filter>
    </ClCompile>
    <ClCompile Include="DS3DBuffer.cpp">
      <Filter>DirectSound\Source</Filter>
    </ClCompile>
    <ClCompile Include="DSBuffer.cpp">
      <Filter>DirectSound\Source</Filter>
    </ClCompile>
    <ClCompile Include="SoundBufferHandler.cpp">
      <Filter>DirectSound\Source</Filter>
    </ClCompile>
    <ClCompile Include="Button.cpp">
      <Filter>GUI\Source</Filter>
    </ClCompile>
    <ClCompile Include="..\Graphics\Font.cpp">
      <Filter>GUI\Source</Filter>
    </ClCompile>
    <ClCompile Include="Gui.cpp">
      <Filter>GUI\Source</Filter>
    </ClCompile>
    <ClCompile Include="Radar.cpp">
      <Filter>GUI\Source</Filter>
    </ClCompile>
    <ClCompile Include="Text.cpp">
      <Filter>GUI\Source</Filter>
    </ClCompile>
    <ClCompile Include="Network.cpp">
      <Filter>Network\Source Files</Filter>
    </ClCompile>
    <ClCompile Include="PacketImpl.cpp">
      <Filter>Network\Source Files</Filter>
    </ClCompile>
    <ClCompile Include="Navmesh.cpp">
      <Filter>Worldmap\Navigation</Filter>
    </ClCompile>
    <ClCompile Include="HelperFunctions.cpp">
      <Filter>Source Files</Filter>
    </ClCompile>
    <ClCompile Include="HealthBars.cpp">
      <Filter>GUI\Source</Filter>
    </ClCompile>
    <ClCompile Include="ServerShip.cpp">
      <Filter>Network\Source Files</Filter>
    </ClCompile>
    <ClCompile Include="UpgradeShipWindow.cpp">
      <Filter>Source Files</Filter>
    </ClCompile>
    <ClCompile Include="MovingButton.cpp">
      <Filter>GUI\Source</Filter>
    </ClCompile>
    <ClCompile Include="EnergyCell.cpp">
      <Filter>Source Files</Filter>
	</ClCompile>
    <ClCompile Include="RemoteEnemy.cpp">
      <Filter>Enemy\Source Files</Filter>
    </ClCompile>
    <ClCompile Include="Enemy.cpp">
      <Filter>Enemy\Source Files</Filter>
    </ClCompile>
    <ClCompile Include="EnemyBehavior.cpp">
      <Filter>Enemy\Source Files</Filter>
    </ClCompile>
    <ClCompile Include="EnemyAnimationManager.cpp">
      <Filter>Enemy\Source Files</Filter>
    </ClCompile>
    <ClCompile Include="EnemySpawn.cpp">
      <Filter>Enemy\Source Files</Filter>
    </ClCompile>
    <ClCompile Include="ClientShip.cpp">
      <Filter>Network\Source Files</Filter>
    </ClCompile>
    <ClCompile Include="ClientTurret.cpp">
      <Filter>Network\Source Files</Filter>
    </ClCompile>
    <ClCompile Include="ServerTurret.cpp">
      <Filter>Network\Source Files</Filter>
    </ClCompile>
    <ClCompile Include="UpgradeShipWindow.cpp">
      <Filter>GUI\Source</Filter>
    </ClCompile>
    <ClCompile Include="UpgradePlayerWindow.cpp">
      <Filter>Source Files</Filter>
    </ClCompile>
    <ClCompile Include="SteeringBehavior.cpp">
      <Filter>Enemy\Source Files</Filter>
    </ClCompile>
    <ClCompile Include="SteeringBehaviorManager.cpp">
      <Filter>Enemy\Source Files</Filter>
	</ClCompile>
    <ClCompile Include="DSBufferStream.cpp">
      <Filter>DirectSound\Source</Filter>
    </ClCompile>
    <ClCompile Include="UpgradePlayerWindow.cpp">
      <Filter>Source Files</Filter>
    </ClCompile>
    <ClCompile Include="LobbyState.cpp">
      <Filter>GameStates\Source Files</Filter>
    </ClCompile>
  </ItemGroup>
  <ItemGroup>
    <ClInclude Include="System.h">
      <Filter>Header Files</Filter>
    </ClInclude>
    <ClInclude Include="Input.h">
      <Filter>Header Files</Filter>
    </ClInclude>
    <ClInclude Include="Game.h">
      <Filter>Header Files</Filter>
    </ClInclude>
    <ClInclude Include="Client.h">
      <Filter>Network\Header Files</Filter>
    </ClInclude>
    <ClInclude Include="Connection.h">
      <Filter>Network\Header Files</Filter>
    </ClInclude>
    <ClInclude Include="Server.h">
      <Filter>Network\Header Files</Filter>
    </ClInclude>
    <ClInclude Include="System.h">
      <Filter>Header Files</Filter>
    </ClInclude>
    <ClInclude Include="Player.h">
      <Filter>Header Files</Filter>
    </ClInclude>
    <ClInclude Include="Timer.h">
      <Filter>Header Files</Filter>
    </ClInclude>
    <ClInclude Include="MapSection.h">
      <Filter>Worldmap\Header Files</Filter>
    </ClInclude>
    <ClInclude Include="Map.h">
      <Filter>Worldmap\Header Files</Filter>
    </ClInclude>
    <ClInclude Include="MapConstants.h">
      <Filter>Worldmap\Header Files</Filter>
    </ClInclude>
    <ClInclude Include="RemotePlayer.h">
      <Filter>Header Files</Filter>
    </ClInclude>
    <ClInclude Include="Projectile.h">
      <Filter>Header Files</Filter>
    </ClInclude>
    <ClInclude Include="MapNode.h">
      <Filter>Worldmap\Header Files</Filter>
    </ClInclude>
    <ClInclude Include="GameObject.h">
      <Filter>Header Files</Filter>
    </ClInclude>
    <ClInclude Include="MapNodeManager.h">
      <Filter>Worldmap\Header Files</Filter>
    </ClInclude>
    <ClInclude Include="MapNodeInstance.h">
      <Filter>Worldmap\Header Files</Filter>
    </ClInclude>
    <ClInclude Include="MapNodePlacer.h">
      <Filter>Worldmap\Header Files</Filter>
    </ClInclude>
    <ClInclude Include="Entry.h">
      <Filter>Header Files</Filter>
    </ClInclude>
    <ClInclude Include="RenderManager.h">
      <Filter>Header Files</Filter>
    </ClInclude>
    <ClInclude Include="RenderStructs.h">
      <Filter>Header Files</Filter>
    </ClInclude>
    <ClInclude Include="BaseState.h">
      <Filter>GameStates\Header Files</Filter>
    </ClInclude>
    <ClInclude Include="PlayState.h">
      <Filter>GameStates\Header Files</Filter>
    </ClInclude>
    <ClInclude Include="StartMenuState.h">
      <Filter>GameStates\Header Files</Filter>
    </ClInclude>
    <ClInclude Include="StateMachine.h">
      <Filter>GameStates\Header Files</Filter>
    </ClInclude>
    <ClInclude Include="BoundingGeometry.h">
      <Filter>Header Files</Filter>
    </ClInclude>
    <ClInclude Include="WeaponInfo.h">
      <Filter>Header Files</Filter>
    </ClInclude>
    <ClInclude Include="BaseMenuState.h">
      <Filter>GameStates\Header Files</Filter>
    </ClInclude>
    <ClInclude Include="CreateMenuState.h">
      <Filter>GameStates\Header Files</Filter>
    </ClInclude>
    <ClInclude Include="JoinMenuState.h">
      <Filter>GameStates\Header Files</Filter>
    </ClInclude>
    <ClInclude Include="MultiplayerMenuState.h">
      <Filter>GameStates\Header Files</Filter>
    </ClInclude>
    <ClInclude Include="OptionsMenuState.h">
      <Filter>GameStates\Header Files</Filter>
    </ClInclude>
    <ClInclude Include="SingleplayerMenuState.h">
      <Filter>GameStates\Header Files</Filter>
    </ClInclude>
    <ClInclude Include="Image.h">
      <Filter>Header Files</Filter>
    </ClInclude>
    <ClInclude Include="InputSquare.h">
      <Filter>Header Files</Filter>
    </ClInclude>
    <ClInclude Include="ParticleData.h">
      <Filter>Particle System\Header</Filter>
    </ClInclude>
    <ClInclude Include="ParticleSystem.h">
      <Filter>Particle System\Header</Filter>
    </ClInclude>
    <ClInclude Include="ParticleManager.h">
      <Filter>Particle System\Header</Filter>
    </ClInclude>
    <ClInclude Include="LightManager.h">
      <Filter>Header Files</Filter>
    </ClInclude>
    <ClInclude Include="tinystr.h">
      <Filter>TinyXML\Header Files</Filter>
    </ClInclude>
    <ClInclude Include="tinyxml.h">
      <Filter>TinyXML\Header Files</Filter>
    </ClInclude>
    <ClInclude Include="NodeTypes.h">
      <Filter>Worldmap\Header Files</Filter>
    </ClInclude>
    <ClInclude Include="Radar.h">
      <Filter>Header Files</Filter>
    </ClInclude>
    <ClInclude Include="DS3DBuffer.h">
      <Filter>DirectSound\Header</Filter>
    </ClInclude>
    <ClInclude Include="DSBuffer.h">
      <Filter>DirectSound\Header</Filter>
    </ClInclude>
    <ClInclude Include="SoundBufferHandler.h">
      <Filter>DirectSound\Header</Filter>
    </ClInclude>
    <ClInclude Include="Button.h">
      <Filter>GUI\Header</Filter>
    </ClInclude>
    <ClInclude Include="..\Graphics\Font.h">
      <Filter>GUI\Header</Filter>
    </ClInclude>
    <ClInclude Include="Gui.h">
      <Filter>GUI\Header</Filter>
    </ClInclude>
    <ClInclude Include="Radar.h">
      <Filter>GUI\Header</Filter>
    </ClInclude>
    <ClInclude Include="Text.h">
      <Filter>GUI\Header</Filter>
    </ClInclude>
    <ClInclude Include="IPacket.h">
      <Filter>Network\Header Files</Filter>
    </ClInclude>
    <ClInclude Include="Network.h">
      <Filter>Network\Header Files</Filter>
    </ClInclude>
    <ClInclude Include="PacketImpl.h">
      <Filter>Network\Header Files</Filter>
    </ClInclude>
    <ClInclude Include="WeaponLoadoutInfo.h">
      <Filter>Header Files</Filter>
    </ClInclude>
    <ClInclude Include="Navmesh.h">
      <Filter>Worldmap\Navigation</Filter>
    </ClInclude>
    <ClInclude Include="HelperFunctions.h">
      <Filter>Header Files</Filter>
    </ClInclude>
    <ClInclude Include="HealthBars.h">
      <Filter>GUI\Header</Filter>
    </ClInclude>
    <ClInclude Include="ServerShip.h">
      <Filter>Network\Header Files</Filter>
    </ClInclude>
    <ClInclude Include="UpgradeShipWindow.h">
      <Filter>Header Files</Filter>
    </ClInclude>
    <ClInclude Include="MovingButton.h">
      <Filter>GUI\Header</Filter>
    </ClInclude>
    <ClInclude Include="EnergyCell.h">
      <Filter>Header Files</Filter>
	</ClInclude>
    <ClInclude Include="Enemy.h">
      <Filter>Enemy\Header Files</Filter>
    </ClInclude>
    <ClInclude Include="RemoteEnemy.h">
      <Filter>Enemy\Header Files</Filter>
    </ClInclude>
    <ClInclude Include="EnemyAnimationManager.h">
      <Filter>Enemy\Header Files</Filter>
    </ClInclude>
    <ClInclude Include="EnemySpawn.h">
      <Filter>Enemy\Header Files</Filter>
    </ClInclude>
    <ClInclude Include="ClientTurret.h">
      <Filter>Network\Header Files</Filter>
    </ClInclude>
    <ClInclude Include="ClientShip.h">
      <Filter>Network\Header Files</Filter>
    </ClInclude>
    <ClInclude Include="ServerTurret.h">
      <Filter>Network\Header Files</Filter>
    </ClInclude>
    <ClInclude Include="UpgradePlayerWindow.h">
      <Filter>GUI\Header</Filter>
    </ClInclude>
    <ClInclude Include="UpgradeShipWindow.h">
      <Filter>GUI\Header</Filter>
    </ClInclude>

    <ClInclude Include="SteeringBehavior.h">
      <Filter>Enemy\Header Files</Filter>
    </ClInclude>

    <ClInclude Include="SteeringBehaviorManager.h">
      <Filter>Enemy\Header Files</Filter>
</ClInclude>
    <ClInclude Include="DSBufferStream.h">
      <Filter>DirectSound\Header</Filter>
    </ClInclude>

    <ClInclude Include="LobbyState.h">
      <Filter>GameStates\Header Files</Filter>

    </ClInclude>
  </ItemGroup>
  <ItemGroup>
    <Filter Include="Header Files">
      <UniqueIdentifier>{97f40770-9d9a-4335-91c6-461c5e344ec9}</UniqueIdentifier>
    </Filter>
    <Filter Include="Source Files">
      <UniqueIdentifier>{57fbcd93-4c2d-4752-87f4-08f0f8a8025b}</UniqueIdentifier>
    </Filter>
    <Filter Include="Network">
      <UniqueIdentifier>{845a9bbe-15d8-4dba-a3df-db03466368a2}</UniqueIdentifier>
    </Filter>
    <Filter Include="Network\Header Files">
      <UniqueIdentifier>{03987543-8049-4932-a515-52b9619405d9}</UniqueIdentifier>
    </Filter>
    <Filter Include="Network\Source Files">
      <UniqueIdentifier>{eb4981d5-2766-4182-9e27-e3444b03a7b9}</UniqueIdentifier>
    </Filter>
    <ClInclude Include="EventManager.h">
      <Filter>EventSystem\Header Files</Filter>
    </ClInclude>
    <ClInclude Include="Events.h">
      <Filter>EventSystem\Header Files</Filter>
    </ClInclude>
    <ClInclude Include="IEventManager.h">
      <Filter>EventSystem\Header Files</Filter>
    </ClInclude>
    <ClInclude Include="KeyDefines.h">
      <Filter>Header Files</Filter>
    </ClInclude>
  </ItemGroup>
  <ItemGroup>
    <None Include="ClassDiagram1.cd" />
  </ItemGroup>
</Project>