<?xml version="1.0" encoding="utf-8"?>
<Project ToolsVersion="4.0" xmlns="http://schemas.microsoft.com/developer/msbuild/2003">
  <ItemGroup>
    <ClCompile Include="AssetBase.cpp">
      <Filter>AssetClasses\Source Files</Filter>
    </ClCompile>
    <ClCompile Include="AssetManager.cpp">
      <Filter>AssetClasses\Source Files</Filter>
    </ClCompile>
    <ClCompile Include="Static3dAsset.cpp">
      <Filter>AssetClasses\Source Files</Filter>
    </ClCompile>
    <ClCompile Include="Camera.cpp">
      <Filter>Camera\Source Files</Filter>
    </ClCompile>
    <ClCompile Include="Effect.cpp">
      <Filter>EffectClasses\Source Files</Filter>
    </ClCompile>
    <ClCompile Include="Graphics.cpp">
      <Filter>Source Files</Filter>
    </ClCompile>
    <ClCompile Include="WICTextureLoader.cpp">
      <Filter>TextureLoader</Filter>
    </ClCompile>
    <ClCompile Include="Animated3dAsset.cpp">
      <Filter>AssetClasses\Source Files</Filter>
    </ClCompile>
    <ClCompile Include="SkeletonAsset.cpp">
      <Filter>AssetClasses\Source Files</Filter>
    </ClCompile>
    <ClCompile Include="AnimationAsset.cpp">
      <Filter>AssetClasses\Source Files</Filter>
    </ClCompile>
    <ClCompile Include="Static3dAssetIndexed.cpp">
      <Filter>AssetClasses\Source Files</Filter>
    </ClCompile>
    <ClCompile Include="Static2dAsset.cpp">
      <Filter>AssetClasses\Source Files</Filter>
    </ClCompile>
  </ItemGroup>
  <ItemGroup>
    <ClInclude Include="AssetBase.h">
      <Filter>AssetClasses\Header Files</Filter>
    </ClInclude>
    <ClInclude Include="AssetManager.h">
      <Filter>AssetClasses\Header Files</Filter>
    </ClInclude>
    <ClInclude Include="Static3dAsset.h">
      <Filter>AssetClasses\Header Files</Filter>
    </ClInclude>
    <ClInclude Include="Effect.h">
      <Filter>EffectClasses\Header Files</Filter>
    </ClInclude>
    <ClInclude Include="Camera.h">
      <Filter>Camera\Header Files</Filter>
    </ClInclude>
    <ClInclude Include="EffectInfo.h">
      <Filter>EffectClasses\Header Files</Filter>
    </ClInclude>
    <ClInclude Include="Graphics.h">
      <Filter>Header Files</Filter>
    </ClInclude>
    <ClInclude Include="Vertex.h">
      <Filter>Header Files</Filter>
    </ClInclude>
    <ClInclude Include="CameraInfo.h">
      <Filter>Camera\Header Files</Filter>
    </ClInclude>
    <ClInclude Include="CbufferPerFrame.h" />
    <ClInclude Include="WICTextureLoader.h">
      <Filter>TextureLoader</Filter>
    </ClInclude>
    <ClInclude Include="CbufferPerObject.h" />
    <ClInclude Include="Animated3dAsset.h">
      <Filter>AssetClasses\Header Files</Filter>
    </ClInclude>
    <ClInclude Include="SkeletonAsset.h">
      <Filter>AssetClasses\Header Files</Filter>
    </ClInclude>
    <ClInclude Include="AnimationAsset.h">
      <Filter>AssetClasses\Header Files</Filter>
    </ClInclude>
    <ClInclude Include="Static3dAssetIndexed.h">
      <Filter>AssetClasses\Header Files</Filter>
    </ClInclude>
    <ClInclude Include="Static2dAsset.h">
      <Filter>AssetClasses\Header Files</Filter>
    </ClInclude>
    <ClInclude Include="Gbuffer.h">
      <Filter>Header Files</Filter>
    </ClInclude>
    <ClInclude Include="LightStructure.h" />
  </ItemGroup>
  <ItemGroup>
    <Filter Include="AssetClasses">
      <UniqueIdentifier>{30238efc-62df-4cf4-a8ea-425366d0c312}</UniqueIdentifier>
    </Filter>
    <Filter Include="AssetClasses\Header Files">
      <UniqueIdentifier>{1d0d1d9f-1b74-4a9c-a49e-5b90a7764aae}</UniqueIdentifier>
    </Filter>
    <Filter Include="AssetClasses\Source Files">
      <UniqueIdentifier>{08140121-1e0d-4d1b-8f32-529217e3744f}</UniqueIdentifier>
    </Filter>
    <Filter Include="EffectClasses">
      <UniqueIdentifier>{4f54e944-1165-47cc-948b-96bb73c93192}</UniqueIdentifier>
    </Filter>
    <Filter Include="EffectClasses\Header Files">
      <UniqueIdentifier>{a8335b92-309e-49fc-ab24-e63c4ed77d42}</UniqueIdentifier>
    </Filter>
    <Filter Include="EffectClasses\Source Files">
      <UniqueIdentifier>{605f199b-a124-43b0-a0b9-aaf914f6c85a}</UniqueIdentifier>
    </Filter>
    <Filter Include="Camera">
      <UniqueIdentifier>{32c1035a-7f66-4c2b-9c4a-b3629354fd8c}</UniqueIdentifier>
    </Filter>
    <Filter Include="Camera\Header Files">
      <UniqueIdentifier>{591dc835-cfe2-4cec-a023-7a4a05c8e622}</UniqueIdentifier>
    </Filter>
    <Filter Include="Camera\Source Files">
      <UniqueIdentifier>{239a0675-2140-4612-9d9a-2fbbc4c520af}</UniqueIdentifier>
    </Filter>
    <Filter Include="Effects">
      <UniqueIdentifier>{e7c3b444-deee-4796-b4a1-a05250525b68}</UniqueIdentifier>
    </Filter>
    <Filter Include="Header Files">
      <UniqueIdentifier>{529bde4c-c289-4df1-bfd2-c8fcf5fa947c}</UniqueIdentifier>
    </Filter>
    <Filter Include="Source Files">
      <UniqueIdentifier>{fb03c45c-b3a3-41da-841d-f94ae6a22b05}</UniqueIdentifier>
    </Filter>
    <Filter Include="TextureLoader">
      <UniqueIdentifier>{9491becd-8cbf-408b-80cf-0d8080b295cd}</UniqueIdentifier>
    </Filter>
  </ItemGroup>
  <ItemGroup>
    <Text Include="..\Content\Effects\Placeholder.hlsl">
      <Filter>Effects</Filter>
    </Text>
    <Text Include="..\Content\Effects\PlaceholderAni.hlsl">
      <Filter>Effects</Filter>
    </Text>
    <Text Include="..\Content\Effects\Animated3dEffect.hlsl">
      <Filter>Effects</Filter>
    </Text>
    <Text Include="..\Content\Effects\DeferredPassEffect.hlsl">
      <Filter>Effects</Filter>
    </Text>
    <Text Include="..\Content\Effects\Static3dEffect.hlsl">
      <Filter>Effects</Filter>
    </Text>
    <Text Include="..\Content\Effects\2dEffect.hlsl">
      <Filter>Effects</Filter>
    </Text>
    <Text Include="..\Content\Effects\AnimatedInstanced3dEffect.hlsl">
      <Filter>Effects</Filter>
    </Text>
    <Text Include="..\Content\Effects\Static3dInstancedEffect.hlsl">
      <Filter>Effects</Filter>
    </Text>
  </ItemGroup>
</Project>